
Microsoft Visual Studio Solution File, Format Version 12.00
# Visual Studio Version 17
VisualStudioVersion = 17.10.35004.147
MinimumVisualStudioVersion = 10.0.40219.1
Project("{2150E333-8FDC-42A3-9474-1A3956D46DE8}") = "Domain", "Domain", "{BE67404D-98A4-48BD-B2EB-55E52390BA31}"
EndProject
Project("{FAE04EC0-301F-11D3-BF4B-00C04F79EFBC}") = "Library.Domain", "src\Library.Domain\Library.Domain.csproj", "{AC0CB4C8-F0F0-4FC5-B35B-F110499EA1FC}"
EndProject
Global
	GlobalSection(SolutionConfigurationPlatforms) = preSolution
		Debug|Any CPU = Debug|Any CPU
		Release|Any CPU = Release|Any CPU
	EndGlobalSection
	GlobalSection(ProjectConfigurationPlatforms) = postSolution
		{AC0CB4C8-F0F0-4FC5-B35B-F110499EA1FC}.Debug|Any CPU.ActiveCfg = Debug|Any CPU
		{AC0CB4C8-F0F0-4FC5-B35B-F110499EA1FC}.Debug|Any CPU.Build.0 = Debug|Any CPU
		{AC0CB4C8-F0F0-4FC5-B35B-F110499EA1FC}.Release|Any CPU.ActiveCfg = Release|Any CPU
		{AC0CB4C8-F0F0-4FC5-B35B-F110499EA1FC}.Release|Any CPU.Build.0 = Release|Any CPU
	EndGlobalSection
	GlobalSection(SolutionProperties) = preSolution
		HideSolutionNode = FALSE
	EndGlobalSection
	GlobalSection(NestedProjects) = preSolution
		{AC0CB4C8-F0F0-4FC5-B35B-F110499EA1FC} = {BE67404D-98A4-48BD-B2EB-55E52390BA31}
	EndGlobalSection
	GlobalSection(ExtensibilityGlobals) = postSolution
		SolutionGuid = {51923015-8CCF-4494-AB58-98A588AFF4F5}
	EndGlobalSection
EndGlobal
